{
  "name": "forestin-sidco-dashboard-frontend",
  "version": "2.8.8",
  "lockfileVersion": 3,
  "requires": true,
  "packages": {
    "": {
      "name": "forestin-sidco-dashboard-frontend",
      "version": "2.8.8",
      "dependencies": {
        "leaflet": "^1.9.4",
        "lucide-react": "^0.468.0",
        "maplibre-gl": "^5.7.1",
        "react": "^19.1.1",
        "react-dom": "^19.1.1",
        "react-leaflet": "^5.0.0"
      },
      "devDependencies": {
        "@vitejs/plugin-react": "^5.0.2",
        "vite": "^7.1.3"
      }
    }
  }
}